
Microsoft Visual Studio Solution File, Format Version 12.00
# Visual Studio Version 17
VisualStudioVersion = 17.0.31611.283
MinimumVisualStudioVersion = 10.0.40219.1
Project("{9A19103F-16F7-4668-BE54-9A1E7A4F7556}") = "AppNumeroDaSorte", "AppNumeroDaSorte\AppNumeroDaSorte.csproj", "{3A9E1C18-AE9D-4FA1-A061-DE1516E7A596}"
EndProject
Project("{9A19103F-16F7-4668-BE54-9A1E7A4F7556}") = "MAUIGallery", "MAUIGallery\MAUIGallery.csproj", "{079465E4-2238-426F-B802-58A5C4E14760}"
EndProject
Project("{FAE04EC0-301F-11D3-BF4B-00C04F79EFBC}") = "AppJogoDaForca", "AppJogoDaForca\AppJogoDaForca.csproj", "{B2A993FF-2EF6-40E0-8556-C9D196325B1A}"
EndProject
Global
	GlobalSection(SolutionConfigurationPlatforms) = preSolution
		Debug|Any CPU = Debug|Any CPU
		Release|Any CPU = Release|Any CPU
	EndGlobalSection
	GlobalSection(ProjectConfigurationPlatforms) = postSolution
		{3A9E1C18-AE9D-4FA1-A061-DE1516E7A596}.Debug|Any CPU.ActiveCfg = Debug|Any CPU
		{3A9E1C18-AE9D-4FA1-A061-DE1516E7A596}.Debug|Any CPU.Build.0 = Debug|Any CPU
		{3A9E1C18-AE9D-4FA1-A061-DE1516E7A596}.Debug|Any CPU.Deploy.0 = Debug|Any CPU
		{3A9E1C18-AE9D-4FA1-A061-DE1516E7A596}.Release|Any CPU.ActiveCfg = Release|Any CPU
		{3A9E1C18-AE9D-4FA1-A061-DE1516E7A596}.Release|Any CPU.Build.0 = Release|Any CPU
		{3A9E1C18-AE9D-4FA1-A061-DE1516E7A596}.Release|Any CPU.Deploy.0 = Release|Any CPU
		{079465E4-2238-426F-B802-58A5C4E14760}.Debug|Any CPU.ActiveCfg = Debug|Any CPU
		{079465E4-2238-426F-B802-58A5C4E14760}.Debug|Any CPU.Build.0 = Debug|Any CPU
		{079465E4-2238-426F-B802-58A5C4E14760}.Debug|Any CPU.Deploy.0 = Debug|Any CPU
		{079465E4-2238-426F-B802-58A5C4E14760}.Release|Any CPU.ActiveCfg = Release|Any CPU
		{079465E4-2238-426F-B802-58A5C4E14760}.Release|Any CPU.Build.0 = Release|Any CPU
		{079465E4-2238-426F-B802-58A5C4E14760}.Release|Any CPU.Deploy.0 = Release|Any CPU
		{B2A993FF-2EF6-40E0-8556-C9D196325B1A}.Debug|Any CPU.ActiveCfg = Debug|Any CPU
		{B2A993FF-2EF6-40E0-8556-C9D196325B1A}.Debug|Any CPU.Build.0 = Debug|Any CPU
		{B2A993FF-2EF6-40E0-8556-C9D196325B1A}.Debug|Any CPU.Deploy.0 = Debug|Any CPU
		{B2A993FF-2EF6-40E0-8556-C9D196325B1A}.Release|Any CPU.ActiveCfg = Release|Any CPU
		{B2A993FF-2EF6-40E0-8556-C9D196325B1A}.Release|Any CPU.Build.0 = Release|Any CPU
		{B2A993FF-2EF6-40E0-8556-C9D196325B1A}.Release|Any CPU.Deploy.0 = Release|Any CPU
	EndGlobalSection
	GlobalSection(SolutionProperties) = preSolution
		HideSolutionNode = FALSE
	EndGlobalSection
	GlobalSection(ExtensibilityGlobals) = postSolution
		SolutionGuid = {61F7FB11-1E47-470C-91E2-47F8143E1572}
	EndGlobalSection
EndGlobal
